
Microsoft Visual Studio Solution File, Format Version 12.00
# Visual Studio Version 17
VisualStudioVersion = 17.4.33213.308
MinimumVisualStudioVersion = 10.0.40219.1
Project("{FAE04EC0-301F-11D3-BF4B-00C04F79EFBC}") = "TransFast", "TransFast\TransFast.csproj", "{F475C2E9-070A-4DAA-8D95-FE4A44EF4143}"
EndProject
Global
	GlobalSection(SolutionConfigurationPlatforms) = preSolution
		Debug|Any CPU = Debug|Any CPU
		Release|Any CPU = Release|Any CPU
	EndGlobalSection
	GlobalSection(ProjectConfigurationPlatforms) = postSolution
		{F475C2E9-070A-4DAA-8D95-FE4A44EF4143}.Debug|Any CPU.ActiveCfg = Debug|Any CPU
		{F475C2E9-070A-4DAA-8D95-FE4A44EF4143}.Debug|Any CPU.Build.0 = Debug|Any CPU
		{F475C2E9-070A-4DAA-8D95-FE4A44EF4143}.Release|Any CPU.ActiveCfg = Release|Any CPU
		{F475C2E9-070A-4DAA-8D95-FE4A44EF4143}.Release|Any CPU.Build.0 = Release|Any CPU
	EndGlobalSection
	GlobalSection(SolutionProperties) = preSolution
		HideSolutionNode = FALSE
	EndGlobalSection
	GlobalSection(ExtensibilityGlobals) = postSolution
		SolutionGuid = {990C91AB-D0D2-4359-9A33-1F4E3362F62E}
	EndGlobalSection
EndGlobal
